{
  "pins" : [
    {
      "identity" : "alamofire",
      "kind" : "remoteSourceControl",
      "location" : "https://github.com/Alamofire/Alamofire",
      "state" : {
        "branch" : "master",
        "revision" : "65b77694905b0dea7e419b2f74b1e5dc037094b5"
      }
    },
    {
      "identity" : "metrica-sdk-ios",
      "kind" : "remoteSourceControl",
      "location" : "https://github.com/yandexmobile/metrica-sdk-ios",
      "state" : {
        "branch" : "master",
        "revision" : "41dc0410c1b9965c6290fdf030610c299f21d306"
      }
    },
    {
      "identity" : "swiftui-introspect",
      "kind" : "remoteSourceControl",
      "location" : "https://github.com/siteline/SwiftUI-Introspect.git",
      "state" : {
        "branch" : "master",
        "revision" : "72a509c93166540c0adf8323fd2652daade7f9f6"
      }
    },
    {
      "identity" : "swiftyjson",
      "kind" : "remoteSourceControl",
      "location" : "https://github.com/SwiftyJSON/SwiftyJSON",
      "state" : {
        "branch" : "master",
        "revision" : "b3dcd7dbd0d488e1a7077cb33b00f2083e382f07"
      }
    }
  ],
  "version" : 2
}
