// !$*UTF8*$!
{
	archiveVersion = 1;
	classes = {
	};
	objectVersion = 55;
	objects = {

/* Begin PBXBuildFile section */
		D41BDB63272EC58C00B4E388 /* NoEmotionApp.swift in Sources */ = {isa = PBXBuildFile; fileRef = D41BDB62272EC58C00B4E388 /* NoEmotionApp.swift */; };
		D41BDB65272EC58C00B4E388 /* Start.swift in Sources */ = {isa = PBXBuildFile; fileRef = D41BDB64272EC58C00B4E388 /* Start.swift */; };
		D41BDB67272EC58E00B4E388 /* Assets.xcassets in Resources */ = {isa = PBXBuildFile; fileRef = D41BDB66272EC58E00B4E388 /* Assets.xcassets */; };
		D41BDB6A272EC58E00B4E388 /* Preview Assets.xcassets in Resources */ = {isa = PBXBuildFile; fileRef = D41BDB69272EC58E00B4E388 /* Preview Assets.xcassets */; };
		D41BDB74272EC58E00B4E388 /* No_EmotionTests.swift in Sources */ = {isa = PBXBuildFile; fileRef = D41BDB73272EC58E00B4E388 /* No_EmotionTests.swift */; };
		D41BDB7E272EC58E00B4E388 /* No_EmotionUITests.swift in Sources */ = {isa = PBXBuildFile; fileRef = D41BDB7D272EC58E00B4E388 /* No_EmotionUITests.swift */; };
		D41BDB80272EC58E00B4E388 /* No_EmotionUITestsLaunchTests.swift in Sources */ = {isa = PBXBuildFile; fileRef = D41BDB7F272EC58E00B4E388 /* No_EmotionUITestsLaunchTests.swift */; };
		D41BDB93272EC5C100B4E388 /* strings.swift in Sources */ = {isa = PBXBuildFile; fileRef = D41BDB8D272EC5C100B4E388 /* strings.swift */; };
		D41BDB94272EC5C100B4E388 /* date.swift in Sources */ = {isa = PBXBuildFile; fileRef = D41BDB8E272EC5C100B4E388 /* date.swift */; };
		D41BDB95272EC5C100B4E388 /* buttons.swift in Sources */ = {isa = PBXBuildFile; fileRef = D41BDB8F272EC5C100B4E388 /* buttons.swift */; };
		D41BDB96272EC5C100B4E388 /* gestures.swift in Sources */ = {isa = PBXBuildFile; fileRef = D41BDB90272EC5C100B4E388 /* gestures.swift */; };
		D41BDB97272EC5C100B4E388 /* colors.swift in Sources */ = {isa = PBXBuildFile; fileRef = D41BDB91272EC5C100B4E388 /* colors.swift */; };
		D41BDB98272EC5C100B4E388 /* search.swift in Sources */ = {isa = PBXBuildFile; fileRef = D41BDB92272EC5C100B4E388 /* search.swift */; };
		D41BDB9C272EC5CB00B4E388 /* SpectralMedium.ttf in Resources */ = {isa = PBXBuildFile; fileRef = D41BDB9A272EC5CB00B4E388 /* SpectralMedium.ttf */; };
		D41BDB9D272EC5CB00B4E388 /* SourceCodeRegular.ttf in Resources */ = {isa = PBXBuildFile; fileRef = D41BDB9B272EC5CB00B4E388 /* SourceCodeRegular.ttf */; };
		D41BDBA0272EC6B600B4E388 /* Launch Screen.storyboard in Resources */ = {isa = PBXBuildFile; fileRef = D41BDB9F272EC6B600B4E388 /* Launch Screen.storyboard */; };
		D41BDBB5272EC87600B4E388 /* logic.swift in Sources */ = {isa = PBXBuildFile; fileRef = D41BDBB4272EC87600B4E388 /* logic.swift */; };
		D41BDBB7272EC89600B4E388 /* settingsView.swift in Sources */ = {isa = PBXBuildFile; fileRef = D41BDBB6272EC89600B4E388 /* settingsView.swift */; };
		D41BDBB9272EC8A700B4E388 /* settings.swift in Sources */ = {isa = PBXBuildFile; fileRef = D41BDBB8272EC8A700B4E388 /* settings.swift */; };
		D41BDBBB272EC8D000B4E388 /* db.swift in Sources */ = {isa = PBXBuildFile; fileRef = D41BDBBA272EC8D000B4E388 /* db.swift */; };
		D41BDBBE272EC95600B4E388 /* welcomeView.swift in Sources */ = {isa = PBXBuildFile; fileRef = D41BDBBD272EC95600B4E388 /* welcomeView.swift */; };
		D41BDBC1272ECAC100B4E388 /* calendarView.swift in Sources */ = {isa = PBXBuildFile; fileRef = D41BDBC0272ECAC100B4E388 /* calendarView.swift */; };
		D41BDBC7272F098600B4E388 /* newsView.swift in Sources */ = {isa = PBXBuildFile; fileRef = D41BDBC6272F098600B4E388 /* newsView.swift */; };
		D4472790272F4595007EF947 /* addEmotionView.swift in Sources */ = {isa = PBXBuildFile; fileRef = D447278F272F4595007EF947 /* addEmotionView.swift */; };
		D48DD273272FEFA8009513A4 /* RealmSwift in Frameworks */ = {isa = PBXBuildFile; productRef = D48DD272272FEFA8009513A4 /* RealmSwift */; };
		D48DD276272FEFB3009513A4 /* YandexMobileMetrica in Frameworks */ = {isa = PBXBuildFile; productRef = D48DD275272FEFB3009513A4 /* YandexMobileMetrica */; };
		D48DD279272FEFBB009513A4 /* Alamofire in Frameworks */ = {isa = PBXBuildFile; productRef = D48DD278272FEFBB009513A4 /* Alamofire */; };
		D48DD27C272FEFC1009513A4 /* SwiftyJSON in Frameworks */ = {isa = PBXBuildFile; productRef = D48DD27B272FEFC1009513A4 /* SwiftyJSON */; };
		D48DD27F272FF163009513A4 /* Introspect in Frameworks */ = {isa = PBXBuildFile; productRef = D48DD27E272FF163009513A4 /* Introspect */; };
/* End PBXBuildFile section */

/* Begin PBXContainerItemProxy section */
		D41BDB70272EC58E00B4E388 /* PBXContainerItemProxy */ = {
			isa = PBXContainerItemProxy;
			containerPortal = D41BDB57272EC58C00B4E388 /* Project object */;
			proxyType = 1;
			remoteGlobalIDString = D41BDB5E272EC58C00B4E388;
			remoteInfo = No.Emotion;
		};
		D41BDB7A272EC58E00B4E388 /* PBXContainerItemProxy */ = {
			isa = PBXContainerItemProxy;
			containerPortal = D41BDB57272EC58C00B4E388 /* Project object */;
			proxyType = 1;
			remoteGlobalIDString = D41BDB5E272EC58C00B4E388;
			remoteInfo = No.Emotion;
		};
/* End PBXContainerItemProxy section */

/* Begin PBXFileReference section */
		D41BDB5F272EC58C00B4E388 /* NoEmotion.app */ = {isa = PBXFileReference; explicitFileType = wrapper.application; includeInIndex = 0; path = NoEmotion.app; sourceTree = BUILT_PRODUCTS_DIR; };
		D41BDB62272EC58C00B4E388 /* NoEmotionApp.swift */ = {isa = PBXFileReference; lastKnownFileType = sourcecode.swift; path = NoEmotionApp.swift; sourceTree = "<group>"; };
		D41BDB64272EC58C00B4E388 /* Start.swift */ = {isa = PBXFileReference; lastKnownFileType = sourcecode.swift; path = Start.swift; sourceTree = "<group>"; };
		D41BDB66272EC58E00B4E388 /* Assets.xcassets */ = {isa = PBXFileReference; lastKnownFileType = folder.assetcatalog; path = Assets.xcassets; sourceTree = "<group>"; };
		D41BDB69272EC58E00B4E388 /* Preview Assets.xcassets */ = {isa = PBXFileReference; lastKnownFileType = folder.assetcatalog; path = "Preview Assets.xcassets"; sourceTree = "<group>"; };
		D41BDB6F272EC58E00B4E388 /* NoEmotionTests.xctest */ = {isa = PBXFileReference; explicitFileType = wrapper.cfbundle; includeInIndex = 0; path = NoEmotionTests.xctest; sourceTree = BUILT_PRODUCTS_DIR; };
		D41BDB73272EC58E00B4E388 /* No_EmotionTests.swift */ = {isa = PBXFileReference; lastKnownFileType = sourcecode.swift; path = No_EmotionTests.swift; sourceTree = "<group>"; };
		D41BDB79272EC58E00B4E388 /* NoEmotionUITests.xctest */ = {isa = PBXFileReference; explicitFileType = wrapper.cfbundle; includeInIndex = 0; path = NoEmotionUITests.xctest; sourceTree = BUILT_PRODUCTS_DIR; };
		D41BDB7D272EC58E00B4E388 /* No_EmotionUITests.swift */ = {isa = PBXFileReference; lastKnownFileType = sourcecode.swift; path = No_EmotionUITests.swift; sourceTree = "<group>"; };
		D41BDB7F272EC58E00B4E388 /* No_EmotionUITestsLaunchTests.swift */ = {isa = PBXFileReference; lastKnownFileType = sourcecode.swift; path = No_EmotionUITestsLaunchTests.swift; sourceTree = "<group>"; };
		D41BDB8D272EC5C100B4E388 /* strings.swift */ = {isa = PBXFileReference; fileEncoding = 4; lastKnownFileType = sourcecode.swift; path = strings.swift; sourceTree = "<group>"; };
		D41BDB8E272EC5C100B4E388 /* date.swift */ = {isa = PBXFileReference; fileEncoding = 4; lastKnownFileType = sourcecode.swift; path = date.swift; sourceTree = "<group>"; };
		D41BDB8F272EC5C100B4E388 /* buttons.swift */ = {isa = PBXFileReference; fileEncoding = 4; lastKnownFileType = sourcecode.swift; path = buttons.swift; sourceTree = "<group>"; };
		D41BDB90272EC5C100B4E388 /* gestures.swift */ = {isa = PBXFileReference; fileEncoding = 4; lastKnownFileType = sourcecode.swift; path = gestures.swift; sourceTree = "<group>"; };
		D41BDB91272EC5C100B4E388 /* colors.swift */ = {isa = PBXFileReference; fileEncoding = 4; lastKnownFileType = sourcecode.swift; path = colors.swift; sourceTree = "<group>"; };
		D41BDB92272EC5C100B4E388 /* search.swift */ = {isa = PBXFileReference; fileEncoding = 4; lastKnownFileType = sourcecode.swift; path = search.swift; sourceTree = "<group>"; };
		D41BDB9A272EC5CB00B4E388 /* SpectralMedium.ttf */ = {isa = PBXFileReference; lastKnownFileType = file; path = SpectralMedium.ttf; sourceTree = "<group>"; };
		D41BDB9B272EC5CB00B4E388 /* SourceCodeRegular.ttf */ = {isa = PBXFileReference; lastKnownFileType = file; path = SourceCodeRegular.ttf; sourceTree = "<group>"; };
		D41BDB9E272EC61600B4E388 /* No-Emotion-Info.plist */ = {isa = PBXFileReference; lastKnownFileType = text.plist; path = "No-Emotion-Info.plist"; sourceTree = SOURCE_ROOT; };
		D41BDB9F272EC6B600B4E388 /* Launch Screen.storyboard */ = {isa = PBXFileReference; lastKnownFileType = file.storyboard; path = "Launch Screen.storyboard"; sourceTree = "<group>"; };
		D41BDBA1272EC79700B4E388 /* No.Emotion.entitlements */ = {isa = PBXFileReference; lastKnownFileType = text.plist.entitlements; path = No.Emotion.entitlements; sourceTree = "<group>"; };
		D41BDBB4272EC87600B4E388 /* logic.swift */ = {isa = PBXFileReference; lastKnownFileType = sourcecode.swift; path = logic.swift; sourceTree = "<group>"; };
		D41BDBB6272EC89600B4E388 /* settingsView.swift */ = {isa = PBXFileReference; lastKnownFileType = sourcecode.swift; path = settingsView.swift; sourceTree = "<group>"; };
		D41BDBB8272EC8A700B4E388 /* settings.swift */ = {isa = PBXFileReference; lastKnownFileType = sourcecode.swift; path = settings.swift; sourceTree = "<group>"; };
		D41BDBBA272EC8D000B4E388 /* db.swift */ = {isa = PBXFileReference; lastKnownFileType = sourcecode.swift; path = db.swift; sourceTree = "<group>"; };
		D41BDBBD272EC95600B4E388 /* welcomeView.swift */ = {isa = PBXFileReference; lastKnownFileType = sourcecode.swift; path = welcomeView.swift; sourceTree = "<group>"; };
		D41BDBC0272ECAC100B4E388 /* calendarView.swift */ = {isa = PBXFileReference; lastKnownFileType = sourcecode.swift; path = calendarView.swift; sourceTree = "<group>"; };
		D41BDBC6272F098600B4E388 /* newsView.swift */ = {isa = PBXFileReference; lastKnownFileType = sourcecode.swift; path = newsView.swift; sourceTree = "<group>"; };
		D447278F272F4595007EF947 /* addEmotionView.swift */ = {isa = PBXFileReference; lastKnownFileType = sourcecode.swift; path = addEmotionView.swift; sourceTree = "<group>"; };
/* End PBXFileReference section */

/* Begin PBXFrameworksBuildPhase section */
		D41BDB5C272EC58C00B4E388 /* Frameworks */ = {
			isa = PBXFrameworksBuildPhase;
			buildActionMask = 2147483647;
			files = (
				D48DD279272FEFBB009513A4 /* Alamofire in Frameworks */,
				D48DD273272FEFA8009513A4 /* RealmSwift in Frameworks */,
				D48DD27F272FF163009513A4 /* Introspect in Frameworks */,
				D48DD27C272FEFC1009513A4 /* SwiftyJSON in Frameworks */,
				D48DD276272FEFB3009513A4 /* YandexMobileMetrica in Frameworks */,
			);
			runOnlyForDeploymentPostprocessing = 0;
		};
		D41BDB6C272EC58E00B4E388 /* Frameworks */ = {
			isa = PBXFrameworksBuildPhase;
			buildActionMask = 2147483647;
			files = (
			);
			runOnlyForDeploymentPostprocessing = 0;
		};
		D41BDB76272EC58E00B4E388 /* Frameworks */ = {
			isa = PBXFrameworksBuildPhase;
			buildActionMask = 2147483647;
			files = (
			);
			runOnlyForDeploymentPostprocessing = 0;
		};
/* End PBXFrameworksBuildPhase section */

/* Begin PBXGroup section */
		D41BDB56272EC58C00B4E388 = {
			isa = PBXGroup;
			children = (
				D41BDB61272EC58C00B4E388 /* No.Emotion */,
				D41BDB72272EC58E00B4E388 /* No.EmotionTests */,
				D41BDB7C272EC58E00B4E388 /* No.EmotionUITests */,
				D41BDB60272EC58C00B4E388 /* Products */,
			);
			sourceTree = "<group>";
		};
		D41BDB60272EC58C00B4E388 /* Products */ = {
			isa = PBXGroup;
			children = (
				D41BDB5F272EC58C00B4E388 /* NoEmotion.app */,
				D41BDB6F272EC58E00B4E388 /* NoEmotionTests.xctest */,
				D41BDB79272EC58E00B4E388 /* NoEmotionUITests.xctest */,
			);
			name = Products;
			sourceTree = "<group>";
		};
		D41BDB61272EC58C00B4E388 /* No.Emotion */ = {
			isa = PBXGroup;
			children = (
				D41BDBA1272EC79700B4E388 /* No.Emotion.entitlements */,
				D41BDB9E272EC61600B4E388 /* No-Emotion-Info.plist */,
				D41BDBB3272EC86900B4E388 /* logic */,
				D41BDBB2272EC86200B4E388 /* views */,
				D41BDB99272EC5CB00B4E388 /* fonts */,
				D41BDB8C272EC5C100B4E388 /* extensions */,
				D41BDB62272EC58C00B4E388 /* NoEmotionApp.swift */,
				D41BDB64272EC58C00B4E388 /* Start.swift */,
				D41BDB66272EC58E00B4E388 /* Assets.xcassets */,
				D41BDB68272EC58E00B4E388 /* Preview Content */,
				D41BDB9F272EC6B600B4E388 /* Launch Screen.storyboard */,
			);
			path = No.Emotion;
			sourceTree = "<group>";
		};
		D41BDB68272EC58E00B4E388 /* Preview Content */ = {
			isa = PBXGroup;
			children = (
				D41BDB69272EC58E00B4E388 /* Preview Assets.xcassets */,
			);
			path = "Preview Content";
			sourceTree = "<group>";
		};
		D41BDB72272EC58E00B4E388 /* No.EmotionTests */ = {
			isa = PBXGroup;
			children = (
				D41BDB73272EC58E00B4E388 /* No_EmotionTests.swift */,
			);
			path = No.EmotionTests;
			sourceTree = "<group>";
		};
		D41BDB7C272EC58E00B4E388 /* No.EmotionUITests */ = {
			isa = PBXGroup;
			children = (
				D41BDB7D272EC58E00B4E388 /* No_EmotionUITests.swift */,
				D41BDB7F272EC58E00B4E388 /* No_EmotionUITestsLaunchTests.swift */,
			);
			path = No.EmotionUITests;
			sourceTree = "<group>";
		};
		D41BDB8C272EC5C100B4E388 /* extensions */ = {
			isa = PBXGroup;
			children = (
				D41BDB8D272EC5C100B4E388 /* strings.swift */,
				D41BDB8E272EC5C100B4E388 /* date.swift */,
				D41BDB8F272EC5C100B4E388 /* buttons.swift */,
				D41BDB90272EC5C100B4E388 /* gestures.swift */,
				D41BDB91272EC5C100B4E388 /* colors.swift */,
				D41BDB92272EC5C100B4E388 /* search.swift */,
			);
			path = extensions;
			sourceTree = "<group>";
		};
		D41BDB99272EC5CB00B4E388 /* fonts */ = {
			isa = PBXGroup;
			children = (
				D41BDB9A272EC5CB00B4E388 /* SpectralMedium.ttf */,
				D41BDB9B272EC5CB00B4E388 /* SourceCodeRegular.ttf */,
			);
			path = fonts;
			sourceTree = "<group>";
		};
		D41BDBB2272EC86200B4E388 /* views */ = {
			isa = PBXGroup;
			children = (
				D447278E272F4582007EF947 /* addEmotion */,
				D41BDBC5272F097A00B4E388 /* news */,
				D41BDBBF272ECAB400B4E388 /* calendar */,
				D41BDBBC272EC94B00B4E388 /* welcome */,
				D41BDBB6272EC89600B4E388 /* settingsView.swift */,
			);
			path = views;
			sourceTree = "<group>";
		};
		D41BDBB3272EC86900B4E388 /* logic */ = {
			isa = PBXGroup;
			children = (
				D41BDBB4272EC87600B4E388 /* logic.swift */,
				D41BDBB8272EC8A700B4E388 /* settings.swift */,
				D41BDBBA272EC8D000B4E388 /* db.swift */,
			);
			path = logic;
			sourceTree = "<group>";
		};
		D41BDBBC272EC94B00B4E388 /* welcome */ = {
			isa = PBXGroup;
			children = (
				D41BDBBD272EC95600B4E388 /* welcomeView.swift */,
			);
			path = welcome;
			sourceTree = "<group>";
		};
		D41BDBBF272ECAB400B4E388 /* calendar */ = {
			isa = PBXGroup;
			children = (
				D41BDBC0272ECAC100B4E388 /* calendarView.swift */,
			);
			path = calendar;
			sourceTree = "<group>";
		};
		D41BDBC5272F097A00B4E388 /* news */ = {
			isa = PBXGroup;
			children = (
				D41BDBC6272F098600B4E388 /* newsView.swift */,
			);
			path = news;
			sourceTree = "<group>";
		};
		D447278E272F4582007EF947 /* addEmotion */ = {
			isa = PBXGroup;
			children = (
				D447278F272F4595007EF947 /* addEmotionView.swift */,
			);
			path = addEmotion;
			sourceTree = "<group>";
		};
/* End PBXGroup section */

/* Begin PBXNativeTarget section */
		D41BDB5E272EC58C00B4E388 /* NoEmotion */ = {
			isa = PBXNativeTarget;
			buildConfigurationList = D41BDB83272EC58E00B4E388 /* Build configuration list for PBXNativeTarget "NoEmotion" */;
			buildPhases = (
				D41BDB5B272EC58C00B4E388 /* Sources */,
				D41BDB5C272EC58C00B4E388 /* Frameworks */,
				D41BDB5D272EC58C00B4E388 /* Resources */,
			);
			buildRules = (
			);
			dependencies = (
			);
			name = NoEmotion;
			packageProductDependencies = (
				D48DD272272FEFA8009513A4 /* RealmSwift */,
				D48DD275272FEFB3009513A4 /* YandexMobileMetrica */,
				D48DD278272FEFBB009513A4 /* Alamofire */,
				D48DD27B272FEFC1009513A4 /* SwiftyJSON */,
				D48DD27E272FF163009513A4 /* Introspect */,
			);
			productName = No.Emotion;
			productReference = D41BDB5F272EC58C00B4E388 /* NoEmotion.app */;
			productType = "com.apple.product-type.application";
		};
		D41BDB6E272EC58E00B4E388 /* NoEmotionTests */ = {
			isa = PBXNativeTarget;
			buildConfigurationList = D41BDB86272EC58E00B4E388 /* Build configuration list for PBXNativeTarget "NoEmotionTests" */;
			buildPhases = (
				D41BDB6B272EC58E00B4E388 /* Sources */,
				D41BDB6C272EC58E00B4E388 /* Frameworks */,
				D41BDB6D272EC58E00B4E388 /* Resources */,
			);
			buildRules = (
			);
			dependencies = (
				D41BDB71272EC58E00B4E388 /* PBXTargetDependency */,
			);
			name = NoEmotionTests;
			productName = No.EmotionTests;
			productReference = D41BDB6F272EC58E00B4E388 /* NoEmotionTests.xctest */;
			productType = "com.apple.product-type.bundle.unit-test";
		};
		D41BDB78272EC58E00B4E388 /* NoEmotionUITests */ = {
			isa = PBXNativeTarget;
			buildConfigurationList = D41BDB89272EC58E00B4E388 /* Build configuration list for PBXNativeTarget "NoEmotionUITests" */;
			buildPhases = (
				D41BDB75272EC58E00B4E388 /* Sources */,
				D41BDB76272EC58E00B4E388 /* Frameworks */,
				D41BDB77272EC58E00B4E388 /* Resources */,
			);
			buildRules = (
			);
			dependencies = (
				D41BDB7B272EC58E00B4E388 /* PBXTargetDependency */,
			);
			name = NoEmotionUITests;
			productName = No.EmotionUITests;
			productReference = D41BDB79272EC58E00B4E388 /* NoEmotionUITests.xctest */;
			productType = "com.apple.product-type.bundle.ui-testing";
		};
/* End PBXNativeTarget section */

/* Begin PBXProject section */
		D41BDB57272EC58C00B4E388 /* Project object */ = {
			isa = PBXProject;
			attributes = {
				BuildIndependentTargetsInParallel = 1;
				LastSwiftUpdateCheck = 1310;
				LastUpgradeCheck = 1310;
				TargetAttributes = {
					D41BDB5E272EC58C00B4E388 = {
						CreatedOnToolsVersion = 13.1;
					};
					D41BDB6E272EC58E00B4E388 = {
						CreatedOnToolsVersion = 13.1;
						TestTargetID = D41BDB5E272EC58C00B4E388;
					};
					D41BDB78272EC58E00B4E388 = {
						CreatedOnToolsVersion = 13.1;
						TestTargetID = D41BDB5E272EC58C00B4E388;
					};
				};
			};
			buildConfigurationList = D41BDB5A272EC58C00B4E388 /* Build configuration list for PBXProject "NoEmotion" */;
			compatibilityVersion = "Xcode 13.0";
			developmentRegion = en;
			hasScannedForEncodings = 0;
			knownRegions = (
				en,
				Base,
			);
			mainGroup = D41BDB56272EC58C00B4E388;
			packageReferences = (
				D48DD271272FEFA8009513A4 /* XCRemoteSwiftPackageReference "realm-cocoa" */,
				D48DD274272FEFB3009513A4 /* XCRemoteSwiftPackageReference "metrica-sdk-ios" */,
				D48DD277272FEFBB009513A4 /* XCRemoteSwiftPackageReference "Alamofire" */,
				D48DD27A272FEFC1009513A4 /* XCRemoteSwiftPackageReference "SwiftyJSON" */,
				D48DD27D272FF163009513A4 /* XCRemoteSwiftPackageReference "SwiftUI-Introspect" */,
			);
			productRefGroup = D41BDB60272EC58C00B4E388 /* Products */;
			projectDirPath = "";
			projectRoot = "";
			targets = (
				D41BDB5E272EC58C00B4E388 /* NoEmotion */,
				D41BDB6E272EC58E00B4E388 /* NoEmotionTests */,
				D41BDB78272EC58E00B4E388 /* NoEmotionUITests */,
			);
		};
/* End PBXProject section */

/* Begin PBXResourcesBuildPhase section */
		D41BDB5D272EC58C00B4E388 /* Resources */ = {
			isa = PBXResourcesBuildPhase;
			buildActionMask = 2147483647;
			files = (
				D41BDB6A272EC58E00B4E388 /* Preview Assets.xcassets in Resources */,
				D41BDB9C272EC5CB00B4E388 /* SpectralMedium.ttf in Resources */,
				D41BDB67272EC58E00B4E388 /* Assets.xcassets in Resources */,
				D41BDBA0272EC6B600B4E388 /* Launch Screen.storyboard in Resources */,
				D41BDB9D272EC5CB00B4E388 /* SourceCodeRegular.ttf in Resources */,
			);
			runOnlyForDeploymentPostprocessing = 0;
		};
		D41BDB6D272EC58E00B4E388 /* Resources */ = {
			isa = PBXResourcesBuildPhase;
			buildActionMask = 2147483647;
			files = (
			);
			runOnlyForDeploymentPostprocessing = 0;
		};
		D41BDB77272EC58E00B4E388 /* Resources */ = {
			isa = PBXResourcesBuildPhase;
			buildActionMask = 2147483647;
			files = (
			);
			runOnlyForDeploymentPostprocessing = 0;
		};
/* End PBXResourcesBuildPhase section */

/* Begin PBXSourcesBuildPhase section */
		D41BDB5B272EC58C00B4E388 /* Sources */ = {
			isa = PBXSourcesBuildPhase;
			buildActionMask = 2147483647;
			files = (
				D41BDBB9272EC8A700B4E388 /* settings.swift in Sources */,
				D41BDBBE272EC95600B4E388 /* welcomeView.swift in Sources */,
				D41BDBBB272EC8D000B4E388 /* db.swift in Sources */,
				D41BDB65272EC58C00B4E388 /* Start.swift in Sources */,
				D41BDBB5272EC87600B4E388 /* logic.swift in Sources */,
				D41BDB95272EC5C100B4E388 /* buttons.swift in Sources */,
				D41BDB97272EC5C100B4E388 /* colors.swift in Sources */,
				D41BDB63272EC58C00B4E388 /* NoEmotionApp.swift in Sources */,
				D41BDBC7272F098600B4E388 /* newsView.swift in Sources */,
				D41BDBB7272EC89600B4E388 /* settingsView.swift in Sources */,
				D41BDB93272EC5C100B4E388 /* strings.swift in Sources */,
				D41BDB98272EC5C100B4E388 /* search.swift in Sources */,
				D41BDB94272EC5C100B4E388 /* date.swift in Sources */,
				D41BDBC1272ECAC100B4E388 /* calendarView.swift in Sources */,
				D4472790272F4595007EF947 /* addEmotionView.swift in Sources */,
				D41BDB96272EC5C100B4E388 /* gestures.swift in Sources */,
			);
			runOnlyForDeploymentPostprocessing = 0;
		};
		D41BDB6B272EC58E00B4E388 /* Sources */ = {
			isa = PBXSourcesBuildPhase;
			buildActionMask = 2147483647;
			files = (
				D41BDB74272EC58E00B4E388 /* No_EmotionTests.swift in Sources */,
			);
			runOnlyForDeploymentPostprocessing = 0;
		};
		D41BDB75272EC58E00B4E388 /* Sources */ = {
			isa = PBXSourcesBuildPhase;
			buildActionMask = 2147483647;
			files = (
				D41BDB7E272EC58E00B4E388 /* No_EmotionUITests.swift in Sources */,
				D41BDB80272EC58E00B4E388 /* No_EmotionUITestsLaunchTests.swift in Sources */,
			);
			runOnlyForDeploymentPostprocessing = 0;
		};
/* End PBXSourcesBuildPhase section */

/* Begin PBXTargetDependency section */
		D41BDB71272EC58E00B4E388 /* PBXTargetDependency */ = {
			isa = PBXTargetDependency;
			target = D41BDB5E272EC58C00B4E388 /* NoEmotion */;
			targetProxy = D41BDB70272EC58E00B4E388 /* PBXContainerItemProxy */;
		};
		D41BDB7B272EC58E00B4E388 /* PBXTargetDependency */ = {
			isa = PBXTargetDependency;
			target = D41BDB5E272EC58C00B4E388 /* NoEmotion */;
			targetProxy = D41BDB7A272EC58E00B4E388 /* PBXContainerItemProxy */;
		};
/* End PBXTargetDependency section */

/* Begin XCBuildConfiguration section */
		D41BDB81272EC58E00B4E388 /* Debug */ = {
			isa = XCBuildConfiguration;
			buildSettings = {
				ALWAYS_SEARCH_USER_PATHS = NO;
				CLANG_ANALYZER_NONNULL = YES;
				CLANG_ANALYZER_NUMBER_OBJECT_CONVERSION = YES_AGGRESSIVE;
				CLANG_CXX_LANGUAGE_STANDARD = "gnu++17";
				CLANG_CXX_LIBRARY = "libc++";
				CLANG_ENABLE_MODULES = YES;
				CLANG_ENABLE_OBJC_ARC = YES;
				CLANG_ENABLE_OBJC_WEAK = YES;
				CLANG_WARN_BLOCK_CAPTURE_AUTORELEASING = YES;
				CLANG_WARN_BOOL_CONVERSION = YES;
				CLANG_WARN_COMMA = YES;
				CLANG_WARN_CONSTANT_CONVERSION = YES;
				CLANG_WARN_DEPRECATED_OBJC_IMPLEMENTATIONS = YES;
				CLANG_WARN_DIRECT_OBJC_ISA_USAGE = YES_ERROR;
				CLANG_WARN_DOCUMENTATION_COMMENTS = YES;
				CLANG_WARN_EMPTY_BODY = YES;
				CLANG_WARN_ENUM_CONVERSION = YES;
				CLANG_WARN_INFINITE_RECURSION = YES;
				CLANG_WARN_INT_CONVERSION = YES;
				CLANG_WARN_NON_LITERAL_NULL_CONVERSION = YES;
				CLANG_WARN_OBJC_IMPLICIT_RETAIN_SELF = YES;
				CLANG_WARN_OBJC_LITERAL_CONVERSION = YES;
				CLANG_WARN_OBJC_ROOT_CLASS = YES_ERROR;
				CLANG_WARN_QUOTED_INCLUDE_IN_FRAMEWORK_HEADER = YES;
				CLANG_WARN_RANGE_LOOP_ANALYSIS = YES;
				CLANG_WARN_STRICT_PROTOTYPES = YES;
				CLANG_WARN_SUSPICIOUS_MOVE = YES;
				CLANG_WARN_UNGUARDED_AVAILABILITY = YES_AGGRESSIVE;
				CLANG_WARN_UNREACHABLE_CODE = YES;
				CLANG_WARN__DUPLICATE_METHOD_MATCH = YES;
				COPY_PHASE_STRIP = NO;
				DEBUG_INFORMATION_FORMAT = dwarf;
				ENABLE_STRICT_OBJC_MSGSEND = YES;
				ENABLE_TESTABILITY = YES;
				GCC_C_LANGUAGE_STANDARD = gnu11;
				GCC_DYNAMIC_NO_PIC = NO;
				GCC_NO_COMMON_BLOCKS = YES;
				GCC_OPTIMIZATION_LEVEL = 0;
				GCC_PREPROCESSOR_DEFINITIONS = (
					"DEBUG=1",
					"$(inherited)",
				);
				GCC_WARN_64_TO_32_BIT_CONVERSION = YES;
				GCC_WARN_ABOUT_RETURN_TYPE = YES_ERROR;
				GCC_WARN_UNDECLARED_SELECTOR = YES;
				GCC_WARN_UNINITIALIZED_AUTOS = YES_AGGRESSIVE;
				GCC_WARN_UNUSED_FUNCTION = YES;
				GCC_WARN_UNUSED_VARIABLE = YES;
				IPHONEOS_DEPLOYMENT_TARGET = 15.0;
				MTL_ENABLE_DEBUG_INFO = INCLUDE_SOURCE;
				MTL_FAST_MATH = YES;
				ONLY_ACTIVE_ARCH = YES;
				SDKROOT = iphoneos;
				SWIFT_ACTIVE_COMPILATION_CONDITIONS = DEBUG;
				SWIFT_OPTIMIZATION_LEVEL = "-Onone";
			};
			name = Debug;
		};
		D41BDB82272EC58E00B4E388 /* Release */ = {
			isa = XCBuildConfiguration;
			buildSettings = {
				ALWAYS_SEARCH_USER_PATHS = NO;
				CLANG_ANALYZER_NONNULL = YES;
				CLANG_ANALYZER_NUMBER_OBJECT_CONVERSION = YES_AGGRESSIVE;
				CLANG_CXX_LANGUAGE_STANDARD = "gnu++17";
				CLANG_CXX_LIBRARY = "libc++";
				CLANG_ENABLE_MODULES = YES;
				CLANG_ENABLE_OBJC_ARC = YES;
				CLANG_ENABLE_OBJC_WEAK = YES;
				CLANG_WARN_BLOCK_CAPTURE_AUTORELEASING = YES;
				CLANG_WARN_BOOL_CONVERSION = YES;
				CLANG_WARN_COMMA = YES;
				CLANG_WARN_CONSTANT_CONVERSION = YES;
				CLANG_WARN_DEPRECATED_OBJC_IMPLEMENTATIONS = YES;
				CLANG_WARN_DIRECT_OBJC_ISA_USAGE = YES_ERROR;
				CLANG_WARN_DOCUMENTATION_COMMENTS = YES;
				CLANG_WARN_EMPTY_BODY = YES;
				CLANG_WARN_ENUM_CONVERSION = YES;
				CLANG_WARN_INFINITE_RECURSION = YES;
				CLANG_WARN_INT_CONVERSION = YES;
				CLANG_WARN_NON_LITERAL_NULL_CONVERSION = YES;
				CLANG_WARN_OBJC_IMPLICIT_RETAIN_SELF = YES;
				CLANG_WARN_OBJC_LITERAL_CONVERSION = YES;
				CLANG_WARN_OBJC_ROOT_CLASS = YES_ERROR;
				CLANG_WARN_QUOTED_INCLUDE_IN_FRAMEWORK_HEADER = YES;
				CLANG_WARN_RANGE_LOOP_ANALYSIS = YES;
				CLANG_WARN_STRICT_PROTOTYPES = YES;
				CLANG_WARN_SUSPICIOUS_MOVE = YES;
				CLANG_WARN_UNGUARDED_AVAILABILITY = YES_AGGRESSIVE;
				CLANG_WARN_UNREACHABLE_CODE = YES;
				CLANG_WARN__DUPLICATE_METHOD_MATCH = YES;
				COPY_PHASE_STRIP = NO;
				DEBUG_INFORMATION_FORMAT = "dwarf-with-dsym";
				ENABLE_NS_ASSERTIONS = NO;
				ENABLE_STRICT_OBJC_MSGSEND = YES;
				GCC_C_LANGUAGE_STANDARD = gnu11;
				GCC_NO_COMMON_BLOCKS = YES;
				GCC_WARN_64_TO_32_BIT_CONVERSION = YES;
				GCC_WARN_ABOUT_RETURN_TYPE = YES_ERROR;
				GCC_WARN_UNDECLARED_SELECTOR = YES;
				GCC_WARN_UNINITIALIZED_AUTOS = YES_AGGRESSIVE;
				GCC_WARN_UNUSED_FUNCTION = YES;
				GCC_WARN_UNUSED_VARIABLE = YES;
				IPHONEOS_DEPLOYMENT_TARGET = 15.0;
				MTL_ENABLE_DEBUG_INFO = NO;
				MTL_FAST_MATH = YES;
				SDKROOT = iphoneos;
				SWIFT_COMPILATION_MODE = wholemodule;
				SWIFT_OPTIMIZATION_LEVEL = "-O";
				VALIDATE_PRODUCT = YES;
			};
			name = Release;
		};
		D41BDB84272EC58E00B4E388 /* Debug */ = {
			isa = XCBuildConfiguration;
			buildSettings = {
				ASSETCATALOG_COMPILER_APPICON_NAME = AppIcon;
				ASSETCATALOG_COMPILER_GLOBAL_ACCENT_COLOR_NAME = AccentColor;
				CODE_SIGN_ENTITLEMENTS = No.Emotion/No.Emotion.entitlements;
				CODE_SIGN_STYLE = Automatic;
				CURRENT_PROJECT_VERSION = 1;
				DEVELOPMENT_ASSET_PATHS = "\"No.Emotion/Preview Content\"";
				DEVELOPMENT_TEAM = GAH72SPMY9;
				ENABLE_PREVIEWS = YES;
				GENERATE_INFOPLIST_FILE = YES;
				INFOPLIST_FILE = "No-Emotion-Info.plist";
				INFOPLIST_KEY_CFBundleDisplayName = No.Emotion;
				INFOPLIST_KEY_UIApplicationSceneManifest_Generation = YES;
				INFOPLIST_KEY_UIApplicationSupportsIndirectInputEvents = YES;
				INFOPLIST_KEY_UILaunchScreen_Generation = YES;
				INFOPLIST_KEY_UILaunchStoryboardName = "Launch Screen";
				INFOPLIST_KEY_UISupportedInterfaceOrientations = UIInterfaceOrientationPortrait;
				INFOPLIST_KEY_UISupportedInterfaceOrientations_iPad = "UIInterfaceOrientationPortrait UIInterfaceOrientationPortraitUpsideDown UIInterfaceOrientationLandscapeLeft UIInterfaceOrientationLandscapeRight";
				INFOPLIST_KEY_UISupportedInterfaceOrientations_iPhone = "UIInterfaceOrientationPortrait UIInterfaceOrientationLandscapeLeft UIInterfaceOrientationLandscapeRight";
				IPHONEOS_DEPLOYMENT_TARGET = 14.0;
				LD_RUNPATH_SEARCH_PATHS = (
					"$(inherited)",
					"@executable_path/Frameworks",
				);
				MARKETING_VERSION = 1.0;
				PRODUCT_BUNDLE_IDENTIFIER = thenoco.co.NoEmotion;
				PRODUCT_NAME = "$(TARGET_NAME)";
				SWIFT_EMIT_LOC_STRINGS = YES;
				SWIFT_VERSION = 5.0;
				TARGETED_DEVICE_FAMILY = 1;
			};
			name = Debug;
		};
		D41BDB85272EC58E00B4E388 /* Release */ = {
			isa = XCBuildConfiguration;
			buildSettings = {
				ASSETCATALOG_COMPILER_APPICON_NAME = AppIcon;
				ASSETCATALOG_COMPILER_GLOBAL_ACCENT_COLOR_NAME = AccentColor;
				CODE_SIGN_ENTITLEMENTS = No.Emotion/No.Emotion.entitlements;
				CODE_SIGN_STYLE = Automatic;
				CURRENT_PROJECT_VERSION = 1;
				DEVELOPMENT_ASSET_PATHS = "\"No.Emotion/Preview Content\"";
				DEVELOPMENT_TEAM = GAH72SPMY9;
				ENABLE_PREVIEWS = YES;
				GENERATE_INFOPLIST_FILE = YES;
				INFOPLIST_FILE = "No-Emotion-Info.plist";
				INFOPLIST_KEY_CFBundleDisplayName = No.Emotion;
				INFOPLIST_KEY_UIApplicationSceneManifest_Generation = YES;
				INFOPLIST_KEY_UIApplicationSupportsIndirectInputEvents = YES;
				INFOPLIST_KEY_UILaunchScreen_Generation = YES;
				INFOPLIST_KEY_UILaunchStoryboardName = "Launch Screen";
				INFOPLIST_KEY_UISupportedInterfaceOrientations = UIInterfaceOrientationPortrait;
				INFOPLIST_KEY_UISupportedInterfaceOrientations_iPad = "UIInterfaceOrientationPortrait UIInterfaceOrientationPortraitUpsideDown UIInterfaceOrientationLandscapeLeft UIInterfaceOrientationLandscapeRight";
				INFOPLIST_KEY_UISupportedInterfaceOrientations_iPhone = "UIInterfaceOrientationPortrait UIInterfaceOrientationLandscapeLeft UIInterfaceOrientationLandscapeRight";
				IPHONEOS_DEPLOYMENT_TARGET = 14.0;
				LD_RUNPATH_SEARCH_PATHS = (
					"$(inherited)",
					"@executable_path/Frameworks",
				);
				MARKETING_VERSION = 1.0;
				PRODUCT_BUNDLE_IDENTIFIER = thenoco.co.NoEmotion;
				PRODUCT_NAME = "$(TARGET_NAME)";
				SWIFT_EMIT_LOC_STRINGS = YES;
				SWIFT_VERSION = 5.0;
				TARGETED_DEVICE_FAMILY = 1;
			};
			name = Release;
		};
		D41BDB87272EC58E00B4E388 /* Debug */ = {
			isa = XCBuildConfiguration;
			buildSettings = {
				ALWAYS_EMBED_SWIFT_STANDARD_LIBRARIES = YES;
				BUNDLE_LOADER = "$(TEST_HOST)";
				CODE_SIGN_STYLE = Automatic;
				CURRENT_PROJECT_VERSION = 1;
				DEVELOPMENT_TEAM = GAH72SPMY9;
				GENERATE_INFOPLIST_FILE = YES;
				IPHONEOS_DEPLOYMENT_TARGET = 15.0;
				LD_RUNPATH_SEARCH_PATHS = (
					"$(inherited)",
					"@executable_path/Frameworks",
					"@loader_path/Frameworks",
				);
				MARKETING_VERSION = 1.0;
				PRODUCT_BUNDLE_IDENTIFIER = "thenoco.co.No-EmotionTests";
				PRODUCT_NAME = "$(TARGET_NAME)";
				SWIFT_EMIT_LOC_STRINGS = NO;
				SWIFT_VERSION = 5.0;
				TARGETED_DEVICE_FAMILY = "1,2";
				TEST_HOST = "$(BUILT_PRODUCTS_DIR)/NoEmotion.app/NoEmotion";
			};
			name = Debug;
		};
		D41BDB88272EC58E00B4E388 /* Release */ = {
			isa = XCBuildConfiguration;
			buildSettings = {
				ALWAYS_EMBED_SWIFT_STANDARD_LIBRARIES = YES;
				BUNDLE_LOADER = "$(TEST_HOST)";
				CODE_SIGN_STYLE = Automatic;
				CURRENT_PROJECT_VERSION = 1;
				DEVELOPMENT_TEAM = GAH72SPMY9;
				GENERATE_INFOPLIST_FILE = YES;
				IPHONEOS_DEPLOYMENT_TARGET = 15.0;
				LD_RUNPATH_SEARCH_PATHS = (
					"$(inherited)",
					"@executable_path/Frameworks",
					"@loader_path/Frameworks",
				);
				MARKETING_VERSION = 1.0;
				PRODUCT_BUNDLE_IDENTIFIER = "thenoco.co.No-EmotionTests";
				PRODUCT_NAME = "$(TARGET_NAME)";
				SWIFT_EMIT_LOC_STRINGS = NO;
				SWIFT_VERSION = 5.0;
				TARGETED_DEVICE_FAMILY = "1,2";
				TEST_HOST = "$(BUILT_PRODUCTS_DIR)/NoEmotion.app/NoEmotion";
			};
			name = Release;
		};
		D41BDB8A272EC58E00B4E388 /* Debug */ = {
			isa = XCBuildConfiguration;
			buildSettings = {
				ALWAYS_EMBED_SWIFT_STANDARD_LIBRARIES = YES;
				CODE_SIGN_STYLE = Automatic;
				CURRENT_PROJECT_VERSION = 1;
				DEVELOPMENT_TEAM = GAH72SPMY9;
				GENERATE_INFOPLIST_FILE = YES;
				LD_RUNPATH_SEARCH_PATHS = (
					"$(inherited)",
					"@executable_path/Frameworks",
					"@loader_path/Frameworks",
				);
				MARKETING_VERSION = 1.0;
				PRODUCT_BUNDLE_IDENTIFIER = "thenoco.co.No-EmotionUITests";
				PRODUCT_NAME = "$(TARGET_NAME)";
				SWIFT_EMIT_LOC_STRINGS = NO;
				SWIFT_VERSION = 5.0;
				TARGETED_DEVICE_FAMILY = "1,2";
				TEST_TARGET_NAME = No.Emotion;
			};
			name = Debug;
		};
		D41BDB8B272EC58E00B4E388 /* Release */ = {
			isa = XCBuildConfiguration;
			buildSettings = {
				ALWAYS_EMBED_SWIFT_STANDARD_LIBRARIES = YES;
				CODE_SIGN_STYLE = Automatic;
				CURRENT_PROJECT_VERSION = 1;
				DEVELOPMENT_TEAM = GAH72SPMY9;
				GENERATE_INFOPLIST_FILE = YES;
				LD_RUNPATH_SEARCH_PATHS = (
					"$(inherited)",
					"@executable_path/Frameworks",
					"@loader_path/Frameworks",
				);
				MARKETING_VERSION = 1.0;
				PRODUCT_BUNDLE_IDENTIFIER = "thenoco.co.No-EmotionUITests";
				PRODUCT_NAME = "$(TARGET_NAME)";
				SWIFT_EMIT_LOC_STRINGS = NO;
				SWIFT_VERSION = 5.0;
				TARGETED_DEVICE_FAMILY = "1,2";
				TEST_TARGET_NAME = No.Emotion;
			};
			name = Release;
		};
/* End XCBuildConfiguration section */

/* Begin XCConfigurationList section */
		D41BDB5A272EC58C00B4E388 /* Build configuration list for PBXProject "NoEmotion" */ = {
			isa = XCConfigurationList;
			buildConfigurations = (
				D41BDB81272EC58E00B4E388 /* Debug */,
				D41BDB82272EC58E00B4E388 /* Release */,
			);
			defaultConfigurationIsVisible = 0;
			defaultConfigurationName = Release;
		};
		D41BDB83272EC58E00B4E388 /* Build configuration list for PBXNativeTarget "NoEmotion" */ = {
			isa = XCConfigurationList;
			buildConfigurations = (
				D41BDB84272EC58E00B4E388 /* Debug */,
				D41BDB85272EC58E00B4E388 /* Release */,
			);
			defaultConfigurationIsVisible = 0;
			defaultConfigurationName = Release;
		};
		D41BDB86272EC58E00B4E388 /* Build configuration list for PBXNativeTarget "NoEmotionTests" */ = {
			isa = XCConfigurationList;
			buildConfigurations = (
				D41BDB87272EC58E00B4E388 /* Debug */,
				D41BDB88272EC58E00B4E388 /* Release */,
			);
			defaultConfigurationIsVisible = 0;
			defaultConfigurationName = Release;
		};
		D41BDB89272EC58E00B4E388 /* Build configuration list for PBXNativeTarget "NoEmotionUITests" */ = {
			isa = XCConfigurationList;
			buildConfigurations = (
				D41BDB8A272EC58E00B4E388 /* Debug */,
				D41BDB8B272EC58E00B4E388 /* Release */,
			);
			defaultConfigurationIsVisible = 0;
			defaultConfigurationName = Release;
		};
/* End XCConfigurationList section */

/* Begin XCRemoteSwiftPackageReference section */
		D48DD271272FEFA8009513A4 /* XCRemoteSwiftPackageReference "realm-cocoa" */ = {
			isa = XCRemoteSwiftPackageReference;
			repositoryURL = "https://github.com/realm/realm-cocoa";
			requirement = {
				branch = master;
				kind = branch;
			};
		};
		D48DD274272FEFB3009513A4 /* XCRemoteSwiftPackageReference "metrica-sdk-ios" */ = {
			isa = XCRemoteSwiftPackageReference;
			repositoryURL = "https://github.com/yandexmobile/metrica-sdk-ios";
			requirement = {
				branch = master;
				kind = branch;
			};
		};
		D48DD277272FEFBB009513A4 /* XCRemoteSwiftPackageReference "Alamofire" */ = {
			isa = XCRemoteSwiftPackageReference;
			repositoryURL = "https://github.com/Alamofire/Alamofire";
			requirement = {
				branch = master;
				kind = branch;
			};
		};
		D48DD27A272FEFC1009513A4 /* XCRemoteSwiftPackageReference "SwiftyJSON" */ = {
			isa = XCRemoteSwiftPackageReference;
			repositoryURL = "https://github.com/SwiftyJSON/SwiftyJSON";
			requirement = {
				branch = master;
				kind = branch;
			};
		};
		D48DD27D272FF163009513A4 /* XCRemoteSwiftPackageReference "SwiftUI-Introspect" */ = {
			isa = XCRemoteSwiftPackageReference;
			repositoryURL = "https://github.com/siteline/SwiftUI-Introspect.git";
			requirement = {
				branch = master;
				kind = branch;
			};
		};
/* End XCRemoteSwiftPackageReference section */

/* Begin XCSwiftPackageProductDependency section */
		D48DD272272FEFA8009513A4 /* RealmSwift */ = {
			isa = XCSwiftPackageProductDependency;
			package = D48DD271272FEFA8009513A4 /* XCRemoteSwiftPackageReference "realm-cocoa" */;
			productName = RealmSwift;
		};
		D48DD275272FEFB3009513A4 /* YandexMobileMetrica */ = {
			isa = XCSwiftPackageProductDependency;
			package = D48DD274272FEFB3009513A4 /* XCRemoteSwiftPackageReference "metrica-sdk-ios" */;
			productName = YandexMobileMetrica;
		};
		D48DD278272FEFBB009513A4 /* Alamofire */ = {
			isa = XCSwiftPackageProductDependency;
			package = D48DD277272FEFBB009513A4 /* XCRemoteSwiftPackageReference "Alamofire" */;
			productName = Alamofire;
		};
		D48DD27B272FEFC1009513A4 /* SwiftyJSON */ = {
			isa = XCSwiftPackageProductDependency;
			package = D48DD27A272FEFC1009513A4 /* XCRemoteSwiftPackageReference "SwiftyJSON" */;
			productName = SwiftyJSON;
		};
		D48DD27E272FF163009513A4 /* Introspect */ = {
			isa = XCSwiftPackageProductDependency;
			package = D48DD27D272FF163009513A4 /* XCRemoteSwiftPackageReference "SwiftUI-Introspect" */;
			productName = Introspect;
		};
/* End XCSwiftPackageProductDependency section */
	};
	rootObject = D41BDB57272EC58C00B4E388 /* Project object */;
}
